
Microsoft Visual Studio Solution File, Format Version 12.00
# Visual Studio 15
VisualStudioVersion = 15.0.27130.2027
MinimumVisualStudioVersion = 10.0.40219.1
Project("{A07B5EB6-E848-4116-A8D0-A826331D98C6}") = "EventManagement.Portal", "EventManagement.Portal\EventManagement.Portal.sfproj", "{36C13383-C290-4FA4-93F7-1DBC79F19D13}"
EndProject
Project("{9A19103F-16F7-4668-BE54-9A1E7A4F7556}") = "EventManagement.Portal.Web", "EventManagement.Portal.Web\EventManagement.Portal.Web.csproj", "{3DD7356C-0849-421F-841C-66857E9CD37E}"
EndProject
Project("{9A19103F-16F7-4668-BE54-9A1E7A4F7556}") = "EventManagement.Portal.Core", "EventManagement.Portal.Core\EventManagement.Portal.Core.csproj", "{2D6539A0-6BA5-4199-A423-D094240A5B77}"
EndProject
Project("{9A19103F-16F7-4668-BE54-9A1E7A4F7556}") = "EventManagement.Portal.Data", "EventManagement.Portal.Data\EventManagement.Portal.Data.csproj", "{E92E1C55-2F9A-4ADE-9FA3-A24AF75E012B}"
EndProject
Project("{9A19103F-16F7-4668-BE54-9A1E7A4F7556}") = "EventManagement.Portal.Business", "EventManagement.Portal.Business\EventManagement.Portal.Business.csproj", "{99B5EEDD-174A-4377-97D0-B62D7BE6B477}"
EndProject
Project("{9A19103F-16F7-4668-BE54-9A1E7A4F7556}") = "EventManagement.Portal.Web.Test", "EventManagement.Portal.Web.Test\EventManagement.Portal.Web.Test.csproj", "{2F619274-B448-460F-B592-4BEE7221559D}"
EndProject
Project("{FAE04EC0-301F-11D3-BF4B-00C04F79EFBC}") = "EventManagement.Portal.Shared", "EventManagement.Portal.Shared\EventManagement.Portal.Shared.csproj", "{3F4C7520-406E-44F0-B042-32D56F43920C}"
EndProject
Global
	GlobalSection(SolutionConfigurationPlatforms) = preSolution
		Debug|Any CPU = Debug|Any CPU
		Debug|x64 = Debug|x64
		Release|Any CPU = Release|Any CPU
		Release|x64 = Release|x64
	EndGlobalSection
	GlobalSection(ProjectConfigurationPlatforms) = postSolution
		{36C13383-C290-4FA4-93F7-1DBC79F19D13}.Debug|Any CPU.ActiveCfg = Debug|x64
		{36C13383-C290-4FA4-93F7-1DBC79F19D13}.Debug|x64.ActiveCfg = Debug|x64
		{36C13383-C290-4FA4-93F7-1DBC79F19D13}.Debug|x64.Build.0 = Debug|x64
		{36C13383-C290-4FA4-93F7-1DBC79F19D13}.Debug|x64.Deploy.0 = Debug|x64
		{36C13383-C290-4FA4-93F7-1DBC79F19D13}.Release|Any CPU.ActiveCfg = Release|x64
		{36C13383-C290-4FA4-93F7-1DBC79F19D13}.Release|x64.ActiveCfg = Release|x64
		{36C13383-C290-4FA4-93F7-1DBC79F19D13}.Release|x64.Build.0 = Release|x64
		{36C13383-C290-4FA4-93F7-1DBC79F19D13}.Release|x64.Deploy.0 = Release|x64
		{3DD7356C-0849-421F-841C-66857E9CD37E}.Debug|Any CPU.ActiveCfg = Debug|Any CPU
		{3DD7356C-0849-421F-841C-66857E9CD37E}.Debug|Any CPU.Build.0 = Debug|Any CPU
		{3DD7356C-0849-421F-841C-66857E9CD37E}.Debug|x64.ActiveCfg = Debug|Any CPU
		{3DD7356C-0849-421F-841C-66857E9CD37E}.Debug|x64.Build.0 = Debug|Any CPU
		{3DD7356C-0849-421F-841C-66857E9CD37E}.Release|Any CPU.ActiveCfg = Release|Any CPU
		{3DD7356C-0849-421F-841C-66857E9CD37E}.Release|Any CPU.Build.0 = Release|Any CPU
		{3DD7356C-0849-421F-841C-66857E9CD37E}.Release|x64.ActiveCfg = Release|Any CPU
		{3DD7356C-0849-421F-841C-66857E9CD37E}.Release|x64.Build.0 = Release|Any CPU
		{2D6539A0-6BA5-4199-A423-D094240A5B77}.Debug|Any CPU.ActiveCfg = Debug|Any CPU
		{2D6539A0-6BA5-4199-A423-D094240A5B77}.Debug|Any CPU.Build.0 = Debug|Any CPU
		{2D6539A0-6BA5-4199-A423-D094240A5B77}.Debug|x64.ActiveCfg = Debug|Any CPU
		{2D6539A0-6BA5-4199-A423-D094240A5B77}.Debug|x64.Build.0 = Debug|Any CPU
		{2D6539A0-6BA5-4199-A423-D094240A5B77}.Release|Any CPU.ActiveCfg = Release|Any CPU
		{2D6539A0-6BA5-4199-A423-D094240A5B77}.Release|Any CPU.Build.0 = Release|Any CPU
		{2D6539A0-6BA5-4199-A423-D094240A5B77}.Release|x64.ActiveCfg = Release|Any CPU
		{2D6539A0-6BA5-4199-A423-D094240A5B77}.Release|x64.Build.0 = Release|Any CPU
		{E92E1C55-2F9A-4ADE-9FA3-A24AF75E012B}.Debug|Any CPU.ActiveCfg = Debug|Any CPU
		{E92E1C55-2F9A-4ADE-9FA3-A24AF75E012B}.Debug|Any CPU.Build.0 = Debug|Any CPU
		{E92E1C55-2F9A-4ADE-9FA3-A24AF75E012B}.Debug|x64.ActiveCfg = Debug|Any CPU
		{E92E1C55-2F9A-4ADE-9FA3-A24AF75E012B}.Debug|x64.Build.0 = Debug|Any CPU
		{E92E1C55-2F9A-4ADE-9FA3-A24AF75E012B}.Release|Any CPU.ActiveCfg = Release|Any CPU
		{E92E1C55-2F9A-4ADE-9FA3-A24AF75E012B}.Release|Any CPU.Build.0 = Release|Any CPU
		{E92E1C55-2F9A-4ADE-9FA3-A24AF75E012B}.Release|x64.ActiveCfg = Release|Any CPU
		{E92E1C55-2F9A-4ADE-9FA3-A24AF75E012B}.Release|x64.Build.0 = Release|Any CPU
		{99B5EEDD-174A-4377-97D0-B62D7BE6B477}.Debug|Any CPU.ActiveCfg = Debug|Any CPU
		{99B5EEDD-174A-4377-97D0-B62D7BE6B477}.Debug|Any CPU.Build.0 = Debug|Any CPU
		{99B5EEDD-174A-4377-97D0-B62D7BE6B477}.Debug|x64.ActiveCfg = Debug|Any CPU
		{99B5EEDD-174A-4377-97D0-B62D7BE6B477}.Debug|x64.Build.0 = Debug|Any CPU
		{99B5EEDD-174A-4377-97D0-B62D7BE6B477}.Release|Any CPU.ActiveCfg = Release|Any CPU
		{99B5EEDD-174A-4377-97D0-B62D7BE6B477}.Release|Any CPU.Build.0 = Release|Any CPU
		{99B5EEDD-174A-4377-97D0-B62D7BE6B477}.Release|x64.ActiveCfg = Release|Any CPU
		{99B5EEDD-174A-4377-97D0-B62D7BE6B477}.Release|x64.Build.0 = Release|Any CPU
		{2F619274-B448-460F-B592-4BEE7221559D}.Debug|Any CPU.ActiveCfg = Debug|Any CPU
		{2F619274-B448-460F-B592-4BEE7221559D}.Debug|Any CPU.Build.0 = Debug|Any CPU
		{2F619274-B448-460F-B592-4BEE7221559D}.Debug|x64.ActiveCfg = Debug|Any CPU
		{2F619274-B448-460F-B592-4BEE7221559D}.Debug|x64.Build.0 = Debug|Any CPU
		{2F619274-B448-460F-B592-4BEE7221559D}.Release|Any CPU.ActiveCfg = Release|Any CPU
		{2F619274-B448-460F-B592-4BEE7221559D}.Release|Any CPU.Build.0 = Release|Any CPU
		{2F619274-B448-460F-B592-4BEE7221559D}.Release|x64.ActiveCfg = Release|Any CPU
		{2F619274-B448-460F-B592-4BEE7221559D}.Release|x64.Build.0 = Release|Any CPU
		{3F4C7520-406E-44F0-B042-32D56F43920C}.Debug|Any CPU.ActiveCfg = Debug|Any CPU
		{3F4C7520-406E-44F0-B042-32D56F43920C}.Debug|Any CPU.Build.0 = Debug|Any CPU
		{3F4C7520-406E-44F0-B042-32D56F43920C}.Debug|x64.ActiveCfg = Debug|Any CPU
		{3F4C7520-406E-44F0-B042-32D56F43920C}.Debug|x64.Build.0 = Debug|Any CPU
		{3F4C7520-406E-44F0-B042-32D56F43920C}.Release|Any CPU.ActiveCfg = Release|Any CPU
		{3F4C7520-406E-44F0-B042-32D56F43920C}.Release|Any CPU.Build.0 = Release|Any CPU
		{3F4C7520-406E-44F0-B042-32D56F43920C}.Release|x64.ActiveCfg = Release|Any CPU
		{3F4C7520-406E-44F0-B042-32D56F43920C}.Release|x64.Build.0 = Release|Any CPU
	EndGlobalSection
	GlobalSection(SolutionProperties) = preSolution
		HideSolutionNode = FALSE
	EndGlobalSection
	GlobalSection(ExtensibilityGlobals) = postSolution
		SolutionGuid = {E280EE43-BC0A-417D-B700-B9F32D8317FB}
	EndGlobalSection
EndGlobal
