
Microsoft Visual Studio Solution File, Format Version 12.00
# Visual Studio 15
VisualStudioVersion = 15.0.27130.2027
MinimumVisualStudioVersion = 10.0.40219.1
Project("{A07B5EB6-E848-4116-A8D0-A826331D98C6}") = "EventManagement.Registration", "EventManagement.Registration\EventManagement.Registration.sfproj", "{45454CEA-225F-478A-A970-64FE339861B8}"
EndProject
Project("{9A19103F-16F7-4668-BE54-9A1E7A4F7556}") = "EventManagement.Registration.Web", "EventManagement.Registration.Web\EventManagement.Registration.Web.csproj", "{62E7E384-C78A-4EC9-9612-EA0F021F0F75}"
EndProject
Project("{9A19103F-16F7-4668-BE54-9A1E7A4F7556}") = "EventManagement.Registration.Data.Models", "EventManagement.Registration.Data.Models\EventManagement.Registration.Data.Models.csproj", "{5B503B92-5D0B-4947-872F-0DBCDFB173D6}"
EndProject
Project("{9A19103F-16F7-4668-BE54-9A1E7A4F7556}") = "EventManagement.Registration.Shared", "EventManagement.Registration.Shared\EventManagement.Registration.Shared.csproj", "{865652D0-AA71-4D90-B16A-830B112E0EC7}"
EndProject
Project("{9A19103F-16F7-4668-BE54-9A1E7A4F7556}") = "EventManagement.Registration.Data", "EventManagement.Registration.Data\EventManagement.Registration.Data.csproj", "{3A6CE774-4309-4E56-AE39-687A93381422}"
EndProject
Project("{9A19103F-16F7-4668-BE54-9A1E7A4F7556}") = "EventManagement.Registration.Services", "EventManagement.Registration.Services\EventManagement.Registration.Services.csproj", "{5FD159F2-AA45-4416-A61C-CE2B9EEDE38C}"
EndProject
Project("{FAE04EC0-301F-11D3-BF4B-00C04F79EFBC}") = "EventManagement.Registration.Test", "EventManagement.Registration.Test\EventManagement.Registration.Test.csproj", "{56D368F0-5C81-4B40-A726-B4F479B56211}"
EndProject
Project("{FAE04EC0-301F-11D3-BF4B-00C04F79EFBC}") = "EventManagement.Registration.Web.Test", "EventManagement.Registration.Web.Test\EventManagement.Registration.Web.Test.csproj", "{1D1F339E-B006-4760-BFA6-262A0B112CA0}"
EndProject
Project("{FAE04EC0-301F-11D3-BF4B-00C04F79EFBC}") = "EventManagement.Registration.Web.Test.Shared", "EventManagement.Registration.Web.Test.Shared\EventManagement.Registration.Web.Test.Shared.csproj", "{9C0DDB4A-7232-4374-B398-BE1306DE57ED}"
EndProject
Project("{FAE04EC0-301F-11D3-BF4B-00C04F79EFBC}") = "EventManagement.Registration.PublishAttachmentsTfs", "EventManagement.Registration.PublishAttachmentsTfs\EventManagement.Registration.PublishAttachmentsTfs.csproj", "{E8B25CF1-69D6-44FA-B05C-839CE74AF0EC}"
EndProject
Global
	GlobalSection(SolutionConfigurationPlatforms) = preSolution
		Debug|Any CPU = Debug|Any CPU
		Debug|x64 = Debug|x64
		Release|Any CPU = Release|Any CPU
		Release|x64 = Release|x64
	EndGlobalSection
	GlobalSection(ProjectConfigurationPlatforms) = postSolution
		{45454CEA-225F-478A-A970-64FE339861B8}.Debug|Any CPU.ActiveCfg = Debug|x64
		{45454CEA-225F-478A-A970-64FE339861B8}.Debug|x64.ActiveCfg = Debug|x64
		{45454CEA-225F-478A-A970-64FE339861B8}.Debug|x64.Build.0 = Debug|x64
		{45454CEA-225F-478A-A970-64FE339861B8}.Debug|x64.Deploy.0 = Debug|x64
		{45454CEA-225F-478A-A970-64FE339861B8}.Release|Any CPU.ActiveCfg = Release|x64
		{45454CEA-225F-478A-A970-64FE339861B8}.Release|x64.ActiveCfg = Release|x64
		{45454CEA-225F-478A-A970-64FE339861B8}.Release|x64.Build.0 = Release|x64
		{45454CEA-225F-478A-A970-64FE339861B8}.Release|x64.Deploy.0 = Release|x64
		{62E7E384-C78A-4EC9-9612-EA0F021F0F75}.Debug|Any CPU.ActiveCfg = Debug|Any CPU
		{62E7E384-C78A-4EC9-9612-EA0F021F0F75}.Debug|Any CPU.Build.0 = Debug|Any CPU
		{62E7E384-C78A-4EC9-9612-EA0F021F0F75}.Debug|x64.ActiveCfg = Debug|Any CPU
		{62E7E384-C78A-4EC9-9612-EA0F021F0F75}.Debug|x64.Build.0 = Debug|Any CPU
		{62E7E384-C78A-4EC9-9612-EA0F021F0F75}.Release|Any CPU.ActiveCfg = Release|Any CPU
		{62E7E384-C78A-4EC9-9612-EA0F021F0F75}.Release|Any CPU.Build.0 = Release|Any CPU
		{62E7E384-C78A-4EC9-9612-EA0F021F0F75}.Release|x64.ActiveCfg = Release|Any CPU
		{62E7E384-C78A-4EC9-9612-EA0F021F0F75}.Release|x64.Build.0 = Release|Any CPU
		{5B503B92-5D0B-4947-872F-0DBCDFB173D6}.Debug|Any CPU.ActiveCfg = Debug|Any CPU
		{5B503B92-5D0B-4947-872F-0DBCDFB173D6}.Debug|Any CPU.Build.0 = Debug|Any CPU
		{5B503B92-5D0B-4947-872F-0DBCDFB173D6}.Debug|x64.ActiveCfg = Debug|Any CPU
		{5B503B92-5D0B-4947-872F-0DBCDFB173D6}.Debug|x64.Build.0 = Debug|Any CPU
		{5B503B92-5D0B-4947-872F-0DBCDFB173D6}.Release|Any CPU.ActiveCfg = Release|Any CPU
		{5B503B92-5D0B-4947-872F-0DBCDFB173D6}.Release|Any CPU.Build.0 = Release|Any CPU
		{5B503B92-5D0B-4947-872F-0DBCDFB173D6}.Release|x64.ActiveCfg = Release|Any CPU
		{5B503B92-5D0B-4947-872F-0DBCDFB173D6}.Release|x64.Build.0 = Release|Any CPU
		{865652D0-AA71-4D90-B16A-830B112E0EC7}.Debug|Any CPU.ActiveCfg = Debug|Any CPU
		{865652D0-AA71-4D90-B16A-830B112E0EC7}.Debug|Any CPU.Build.0 = Debug|Any CPU
		{865652D0-AA71-4D90-B16A-830B112E0EC7}.Debug|x64.ActiveCfg = Debug|Any CPU
		{865652D0-AA71-4D90-B16A-830B112E0EC7}.Debug|x64.Build.0 = Debug|Any CPU
		{865652D0-AA71-4D90-B16A-830B112E0EC7}.Release|Any CPU.ActiveCfg = Release|Any CPU
		{865652D0-AA71-4D90-B16A-830B112E0EC7}.Release|Any CPU.Build.0 = Release|Any CPU
		{865652D0-AA71-4D90-B16A-830B112E0EC7}.Release|x64.ActiveCfg = Release|Any CPU
		{865652D0-AA71-4D90-B16A-830B112E0EC7}.Release|x64.Build.0 = Release|Any CPU
		{3A6CE774-4309-4E56-AE39-687A93381422}.Debug|Any CPU.ActiveCfg = Debug|Any CPU
		{3A6CE774-4309-4E56-AE39-687A93381422}.Debug|Any CPU.Build.0 = Debug|Any CPU
		{3A6CE774-4309-4E56-AE39-687A93381422}.Debug|x64.ActiveCfg = Debug|Any CPU
		{3A6CE774-4309-4E56-AE39-687A93381422}.Debug|x64.Build.0 = Debug|Any CPU
		{3A6CE774-4309-4E56-AE39-687A93381422}.Release|Any CPU.ActiveCfg = Release|Any CPU
		{3A6CE774-4309-4E56-AE39-687A93381422}.Release|Any CPU.Build.0 = Release|Any CPU
		{3A6CE774-4309-4E56-AE39-687A93381422}.Release|x64.ActiveCfg = Release|Any CPU
		{3A6CE774-4309-4E56-AE39-687A93381422}.Release|x64.Build.0 = Release|Any CPU
		{5FD159F2-AA45-4416-A61C-CE2B9EEDE38C}.Debug|Any CPU.ActiveCfg = Debug|Any CPU
		{5FD159F2-AA45-4416-A61C-CE2B9EEDE38C}.Debug|Any CPU.Build.0 = Debug|Any CPU
		{5FD159F2-AA45-4416-A61C-CE2B9EEDE38C}.Debug|x64.ActiveCfg = Debug|Any CPU
		{5FD159F2-AA45-4416-A61C-CE2B9EEDE38C}.Debug|x64.Build.0 = Debug|Any CPU
		{5FD159F2-AA45-4416-A61C-CE2B9EEDE38C}.Release|Any CPU.ActiveCfg = Release|Any CPU
		{5FD159F2-AA45-4416-A61C-CE2B9EEDE38C}.Release|Any CPU.Build.0 = Release|Any CPU
		{5FD159F2-AA45-4416-A61C-CE2B9EEDE38C}.Release|x64.ActiveCfg = Release|Any CPU
		{5FD159F2-AA45-4416-A61C-CE2B9EEDE38C}.Release|x64.Build.0 = Release|Any CPU
		{56D368F0-5C81-4B40-A726-B4F479B56211}.Debug|Any CPU.ActiveCfg = Debug|Any CPU
		{56D368F0-5C81-4B40-A726-B4F479B56211}.Debug|Any CPU.Build.0 = Debug|Any CPU
		{56D368F0-5C81-4B40-A726-B4F479B56211}.Debug|x64.ActiveCfg = Debug|Any CPU
		{56D368F0-5C81-4B40-A726-B4F479B56211}.Debug|x64.Build.0 = Debug|Any CPU
		{56D368F0-5C81-4B40-A726-B4F479B56211}.Release|Any CPU.ActiveCfg = Release|Any CPU
		{56D368F0-5C81-4B40-A726-B4F479B56211}.Release|Any CPU.Build.0 = Release|Any CPU
		{56D368F0-5C81-4B40-A726-B4F479B56211}.Release|x64.ActiveCfg = Release|Any CPU
		{56D368F0-5C81-4B40-A726-B4F479B56211}.Release|x64.Build.0 = Release|Any CPU
		{1D1F339E-B006-4760-BFA6-262A0B112CA0}.Debug|Any CPU.ActiveCfg = Debug|Any CPU
		{1D1F339E-B006-4760-BFA6-262A0B112CA0}.Debug|Any CPU.Build.0 = Debug|Any CPU
		{1D1F339E-B006-4760-BFA6-262A0B112CA0}.Debug|x64.ActiveCfg = Debug|Any CPU
		{1D1F339E-B006-4760-BFA6-262A0B112CA0}.Debug|x64.Build.0 = Debug|Any CPU
		{1D1F339E-B006-4760-BFA6-262A0B112CA0}.Release|Any CPU.ActiveCfg = Release|Any CPU
		{1D1F339E-B006-4760-BFA6-262A0B112CA0}.Release|Any CPU.Build.0 = Release|Any CPU
		{1D1F339E-B006-4760-BFA6-262A0B112CA0}.Release|x64.ActiveCfg = Release|Any CPU
		{1D1F339E-B006-4760-BFA6-262A0B112CA0}.Release|x64.Build.0 = Release|Any CPU
		{9C0DDB4A-7232-4374-B398-BE1306DE57ED}.Debug|Any CPU.ActiveCfg = Debug|Any CPU
		{9C0DDB4A-7232-4374-B398-BE1306DE57ED}.Debug|Any CPU.Build.0 = Debug|Any CPU
		{9C0DDB4A-7232-4374-B398-BE1306DE57ED}.Debug|x64.ActiveCfg = Debug|Any CPU
		{9C0DDB4A-7232-4374-B398-BE1306DE57ED}.Debug|x64.Build.0 = Debug|Any CPU
		{9C0DDB4A-7232-4374-B398-BE1306DE57ED}.Release|Any CPU.ActiveCfg = Release|Any CPU
		{9C0DDB4A-7232-4374-B398-BE1306DE57ED}.Release|Any CPU.Build.0 = Release|Any CPU
		{9C0DDB4A-7232-4374-B398-BE1306DE57ED}.Release|x64.ActiveCfg = Release|Any CPU
		{9C0DDB4A-7232-4374-B398-BE1306DE57ED}.Release|x64.Build.0 = Release|Any CPU
		{E8B25CF1-69D6-44FA-B05C-839CE74AF0EC}.Debug|Any CPU.ActiveCfg = Debug|Any CPU
		{E8B25CF1-69D6-44FA-B05C-839CE74AF0EC}.Debug|Any CPU.Build.0 = Debug|Any CPU
		{E8B25CF1-69D6-44FA-B05C-839CE74AF0EC}.Debug|x64.ActiveCfg = Debug|Any CPU
		{E8B25CF1-69D6-44FA-B05C-839CE74AF0EC}.Debug|x64.Build.0 = Debug|Any CPU
		{E8B25CF1-69D6-44FA-B05C-839CE74AF0EC}.Release|Any CPU.ActiveCfg = Release|Any CPU
		{E8B25CF1-69D6-44FA-B05C-839CE74AF0EC}.Release|Any CPU.Build.0 = Release|Any CPU
		{E8B25CF1-69D6-44FA-B05C-839CE74AF0EC}.Release|x64.ActiveCfg = Release|Any CPU
		{E8B25CF1-69D6-44FA-B05C-839CE74AF0EC}.Release|x64.Build.0 = Release|Any CPU
	EndGlobalSection
	GlobalSection(SolutionProperties) = preSolution
		HideSolutionNode = FALSE
	EndGlobalSection
	GlobalSection(ExtensibilityGlobals) = postSolution
		SolutionGuid = {CEB610FF-5C22-44B2-A6BB-8DDC4CCD12D6}
	EndGlobalSection
EndGlobal
